
Microsoft Visual Studio Solution File, Format Version 12.00
# Visual Studio Version 18
VisualStudioVersion = 18.2.11415.280
MinimumVisualStudioVersion = 10.0.40219.1
Project("{FAE04EC0-301F-11D3-BF4B-00C04F79EFBC}") = "LibrarySystem.BLL", "LibrarySystem.BLL\LibrarySystem.BLL.csproj", "{6DAB5F57-BB94-45D3-B9DF-3DF770E5E285}"
EndProject
Project("{FAE04EC0-301F-11D3-BF4B-00C04F79EFBC}") = "LibrarySystem.PL", "LibrarySystem.PL\LibrarySystem.PL.csproj", "{4AE0EAE4-B9AF-4187-83B6-3C024BDB5168}"
EndProject
Project("{FAE04EC0-301F-11D3-BF4B-00C04F79EFBC}") = "LibrarySystem.Domain", "LibrarySystem.Domain\LibrarySystem.Domain.csproj", "{9A011A18-AEE0-4DA7-83D5-D6BD572F40D4}"
EndProject
Project("{FAE04EC0-301F-11D3-BF4B-00C04F79EFBC}") = "LibrarySystem.Infrastructure", "LibrarySystem.Infrastructure\LibrarySystem.Infrastructure.csproj", "{1AE253F5-0FB3-461F-8DC2-E43F7E09EDC3}"
EndProject
Project("{FAE04EC0-301F-11D3-BF4B-00C04F79EFBC}") = "LibrarySystem.Application", "LibrarySystem.Application\LibrarySystem.Application.csproj", "{F142D1A0-2B80-4DF1-BF6F-E789B2A08644}"
EndProject
Global
	GlobalSection(SolutionConfigurationPlatforms) = preSolution
		Debug|Any CPU = Debug|Any CPU
		Release|Any CPU = Release|Any CPU
	EndGlobalSection
	GlobalSection(ProjectConfigurationPlatforms) = postSolution
		{6DAB5F57-BB94-45D3-B9DF-3DF770E5E285}.Debug|Any CPU.ActiveCfg = Debug|Any CPU
		{6DAB5F57-BB94-45D3-B9DF-3DF770E5E285}.Debug|Any CPU.Build.0 = Debug|Any CPU
		{6DAB5F57-BB94-45D3-B9DF-3DF770E5E285}.Release|Any CPU.ActiveCfg = Release|Any CPU
		{6DAB5F57-BB94-45D3-B9DF-3DF770E5E285}.Release|Any CPU.Build.0 = Release|Any CPU
		{4AE0EAE4-B9AF-4187-83B6-3C024BDB5168}.Debug|Any CPU.ActiveCfg = Debug|Any CPU
		{4AE0EAE4-B9AF-4187-83B6-3C024BDB5168}.Debug|Any CPU.Build.0 = Debug|Any CPU
		{4AE0EAE4-B9AF-4187-83B6-3C024BDB5168}.Release|Any CPU.ActiveCfg = Release|Any CPU
		{4AE0EAE4-B9AF-4187-83B6-3C024BDB5168}.Release|Any CPU.Build.0 = Release|Any CPU
		{9A011A18-AEE0-4DA7-83D5-D6BD572F40D4}.Debug|Any CPU.ActiveCfg = Debug|Any CPU
		{9A011A18-AEE0-4DA7-83D5-D6BD572F40D4}.Debug|Any CPU.Build.0 = Debug|Any CPU
		{9A011A18-AEE0-4DA7-83D5-D6BD572F40D4}.Release|Any CPU.ActiveCfg = Release|Any CPU
		{9A011A18-AEE0-4DA7-83D5-D6BD572F40D4}.Release|Any CPU.Build.0 = Release|Any CPU
		{1AE253F5-0FB3-461F-8DC2-E43F7E09EDC3}.Debug|Any CPU.ActiveCfg = Debug|Any CPU
		{1AE253F5-0FB3-461F-8DC2-E43F7E09EDC3}.Debug|Any CPU.Build.0 = Debug|Any CPU
		{1AE253F5-0FB3-461F-8DC2-E43F7E09EDC3}.Release|Any CPU.ActiveCfg = Release|Any CPU
		{1AE253F5-0FB3-461F-8DC2-E43F7E09EDC3}.Release|Any CPU.Build.0 = Release|Any CPU
		{F142D1A0-2B80-4DF1-BF6F-E789B2A08644}.Debug|Any CPU.ActiveCfg = Debug|Any CPU
		{F142D1A0-2B80-4DF1-BF6F-E789B2A08644}.Debug|Any CPU.Build.0 = Debug|Any CPU
		{F142D1A0-2B80-4DF1-BF6F-E789B2A08644}.Release|Any CPU.ActiveCfg = Release|Any CPU
		{F142D1A0-2B80-4DF1-BF6F-E789B2A08644}.Release|Any CPU.Build.0 = Release|Any CPU
	EndGlobalSection
	GlobalSection(SolutionProperties) = preSolution
		HideSolutionNode = FALSE
	EndGlobalSection
	GlobalSection(ExtensibilityGlobals) = postSolution
		SolutionGuid = {03AF5739-6E88-40A8-A862-EE7A2F11323B}
	EndGlobalSection
EndGlobal
